
Microsoft Visual Studio Solution File, Format Version 11.00
# Visual C# Express 2010
Project("{FAE04EC0-301F-11D3-BF4B-00C04F79EFBC}") = "Futbol_Sala_Manager_App", "Futbol_Sala_Manager_App\Futbol_Sala_Manager_App.csproj", "{D5367038-D91E-468E-AD74-AB31CA93DA38}"
EndProject
Global
	GlobalSection(SolutionConfigurationPlatforms) = preSolution
		Debug|Any CPU = Debug|Any CPU
		Release|Any CPU = Release|Any CPU
	EndGlobalSection
	GlobalSection(ProjectConfigurationPlatforms) = postSolution
		{D5367038-D91E-468E-AD74-AB31CA93DA38}.Debug|Any CPU.ActiveCfg = Debug|Any CPU
		{D5367038-D91E-468E-AD74-AB31CA93DA38}.Debug|Any CPU.Build.0 = Debug|Any CPU
		{D5367038-D91E-468E-AD74-AB31CA93DA38}.Release|Any CPU.ActiveCfg = Release|Any CPU
		{D5367038-D91E-468E-AD74-AB31CA93DA38}.Release|Any CPU.Build.0 = Release|Any CPU
	EndGlobalSection
	GlobalSection(SolutionProperties) = preSolution
		HideSolutionNode = FALSE
	EndGlobalSection
EndGlobal
